
Microsoft Visual Studio Solution File, Format Version 12.00
# Visual Studio Version 16
VisualStudioVersion = 16.0.31727.386
MinimumVisualStudioVersion = 10.0.40219.1
Project("{8BC9CEB8-8B4A-11D0-8D11-00A0C91BC942}") = "Final_PierpaoliMatias", "Final_PierpaoliMatias.vcxproj", "{83210721-7E5D-435E-B37C-1ED0BAB1E1EB}"
EndProject
Global
	GlobalSection(SolutionConfigurationPlatforms) = preSolution
		Debug|x64 = Debug|x64
		Debug|x86 = Debug|x86
		Release|x64 = Release|x64
		Release|x86 = Release|x86
	EndGlobalSection
	GlobalSection(ProjectConfigurationPlatforms) = postSolution
		{83210721-7E5D-435E-B37C-1ED0BAB1E1EB}.Debug|x64.ActiveCfg = Debug|x64
		{83210721-7E5D-435E-B37C-1ED0BAB1E1EB}.Debug|x64.Build.0 = Debug|x64
		{83210721-7E5D-435E-B37C-1ED0BAB1E1EB}.Debug|x86.ActiveCfg = Debug|Win32
		{83210721-7E5D-435E-B37C-1ED0BAB1E1EB}.Debug|x86.Build.0 = Debug|Win32
		{83210721-7E5D-435E-B37C-1ED0BAB1E1EB}.Release|x64.ActiveCfg = Release|x64
		{83210721-7E5D-435E-B37C-1ED0BAB1E1EB}.Release|x64.Build.0 = Release|x64
		{83210721-7E5D-435E-B37C-1ED0BAB1E1EB}.Release|x86.ActiveCfg = Release|Win32
		{83210721-7E5D-435E-B37C-1ED0BAB1E1EB}.Release|x86.Build.0 = Release|Win32
	EndGlobalSection
	GlobalSection(SolutionProperties) = preSolution
		HideSolutionNode = FALSE
	EndGlobalSection
	GlobalSection(ExtensibilityGlobals) = postSolution
		SolutionGuid = {F0707CDD-35A4-469E-AC92-EC130B59931D}
	EndGlobalSection
EndGlobal
